
Microsoft Visual Studio Solution File, Format Version 12.00
# Visual Studio Version 17
VisualStudioVersion = 17.7.34031.279
MinimumVisualStudioVersion = 10.0.40219.1
Project("{9A19103F-16F7-4668-BE54-9A1E7A4F7556}") = "ChatDomain", "ChatDomain\ChatDomain.csproj", "{82A488A3-8C30-4C7F-BA3B-96F1C1AC2B2D}"
EndProject
Project("{9A19103F-16F7-4668-BE54-9A1E7A4F7556}") = "ChatServer", "ChatServer\ChatServer.csproj", "{9046C3F4-5DEE-4FB1-9200-3B7CA4A86047}"
EndProject
Project("{9A19103F-16F7-4668-BE54-9A1E7A4F7556}") = "ChatConsoleApp", "ChatConsoleApp\ChatConsoleApp.csproj", "{80365BD7-E87F-4F7C-A1A0-CC2B579DAF85}"
EndProject
Project("{9A19103F-16F7-4668-BE54-9A1E7A4F7556}") = "ChatDesktopApp", "ChatDesktopApp\ChatDesktopApp.csproj", "{8F0515C7-D2AF-42A7-8C47-5BC8D87DC240}"
EndProject
Project("{FAE04EC0-301F-11D3-BF4B-00C04F79EFBC}") = "ChatBotAgent", "ChatBotAgent\ChatBotAgent.csproj", "{B0B6B97B-1F38-4620-B71B-25FA10697A80}"
EndProject
Global
	GlobalSection(SolutionConfigurationPlatforms) = preSolution
		Debug|Any CPU = Debug|Any CPU
		Release|Any CPU = Release|Any CPU
	EndGlobalSection
	GlobalSection(ProjectConfigurationPlatforms) = postSolution
		{82A488A3-8C30-4C7F-BA3B-96F1C1AC2B2D}.Debug|Any CPU.ActiveCfg = Debug|Any CPU
		{82A488A3-8C30-4C7F-BA3B-96F1C1AC2B2D}.Debug|Any CPU.Build.0 = Debug|Any CPU
		{82A488A3-8C30-4C7F-BA3B-96F1C1AC2B2D}.Release|Any CPU.ActiveCfg = Release|Any CPU
		{82A488A3-8C30-4C7F-BA3B-96F1C1AC2B2D}.Release|Any CPU.Build.0 = Release|Any CPU
		{9046C3F4-5DEE-4FB1-9200-3B7CA4A86047}.Debug|Any CPU.ActiveCfg = Debug|Any CPU
		{9046C3F4-5DEE-4FB1-9200-3B7CA4A86047}.Debug|Any CPU.Build.0 = Debug|Any CPU
		{9046C3F4-5DEE-4FB1-9200-3B7CA4A86047}.Release|Any CPU.ActiveCfg = Release|Any CPU
		{9046C3F4-5DEE-4FB1-9200-3B7CA4A86047}.Release|Any CPU.Build.0 = Release|Any CPU
		{80365BD7-E87F-4F7C-A1A0-CC2B579DAF85}.Debug|Any CPU.ActiveCfg = Debug|Any CPU
		{80365BD7-E87F-4F7C-A1A0-CC2B579DAF85}.Debug|Any CPU.Build.0 = Debug|Any CPU
		{80365BD7-E87F-4F7C-A1A0-CC2B579DAF85}.Release|Any CPU.ActiveCfg = Release|Any CPU
		{80365BD7-E87F-4F7C-A1A0-CC2B579DAF85}.Release|Any CPU.Build.0 = Release|Any CPU
		{8F0515C7-D2AF-42A7-8C47-5BC8D87DC240}.Debug|Any CPU.ActiveCfg = Debug|Any CPU
		{8F0515C7-D2AF-42A7-8C47-5BC8D87DC240}.Debug|Any CPU.Build.0 = Debug|Any CPU
		{8F0515C7-D2AF-42A7-8C47-5BC8D87DC240}.Release|Any CPU.ActiveCfg = Release|Any CPU
		{8F0515C7-D2AF-42A7-8C47-5BC8D87DC240}.Release|Any CPU.Build.0 = Release|Any CPU
		{B0B6B97B-1F38-4620-B71B-25FA10697A80}.Debug|Any CPU.ActiveCfg = Debug|Any CPU
		{B0B6B97B-1F38-4620-B71B-25FA10697A80}.Debug|Any CPU.Build.0 = Debug|Any CPU
		{B0B6B97B-1F38-4620-B71B-25FA10697A80}.Release|Any CPU.ActiveCfg = Release|Any CPU
		{B0B6B97B-1F38-4620-B71B-25FA10697A80}.Release|Any CPU.Build.0 = Release|Any CPU
	EndGlobalSection
	GlobalSection(SolutionProperties) = preSolution
		HideSolutionNode = FALSE
	EndGlobalSection
	GlobalSection(ExtensibilityGlobals) = postSolution
		SolutionGuid = {F81EFFEF-5C5B-4669-B1E6-D8206242201A}
	EndGlobalSection
EndGlobal
